
Microsoft Visual Studio Solution File, Format Version 12.00
# Visual Studio Version 17
VisualStudioVersion = 17.3.32804.467
MinimumVisualStudioVersion = 10.0.40219.1
Project("{FAE04EC0-301F-11D3-BF4B-00C04F79EFBC}") = "YT2013.UploadTool", "YT2013.UploadTool.csproj", "{E684F08A-BF45-440A-A102-FFCFF204B344}"
EndProject
Project("{FAE04EC0-301F-11D3-BF4B-00C04F79EFBC}") = "YT2013.UpdateTool", "..\YT2013.UpdateTool\YT2013.UpdateTool.csproj", "{6402D35C-E86A-434F-92A8-2FF4DEAD0FF9}"
EndProject
Project("{FAE04EC0-301F-11D3-BF4B-00C04F79EFBC}") = "YT2013.UpdaterExtensions", "..\YT2013.UpdaterExtensions\YT2013.UpdaterExtensions.csproj", "{2BE9C08B-800C-4DA7-9B1B-8AF11DADE29C}"
EndProject
Global
	GlobalSection(SolutionConfigurationPlatforms) = preSolution
		Debug|Any CPU = Debug|Any CPU
		Release|Any CPU = Release|Any CPU
	EndGlobalSection
	GlobalSection(ProjectConfigurationPlatforms) = postSolution
		{E684F08A-BF45-440A-A102-FFCFF204B344}.Debug|Any CPU.ActiveCfg = Debug|Any CPU
		{E684F08A-BF45-440A-A102-FFCFF204B344}.Debug|Any CPU.Build.0 = Debug|Any CPU
		{E684F08A-BF45-440A-A102-FFCFF204B344}.Release|Any CPU.ActiveCfg = Release|Any CPU
		{E684F08A-BF45-440A-A102-FFCFF204B344}.Release|Any CPU.Build.0 = Release|Any CPU
		{6402D35C-E86A-434F-92A8-2FF4DEAD0FF9}.Debug|Any CPU.ActiveCfg = Debug|Any CPU
		{6402D35C-E86A-434F-92A8-2FF4DEAD0FF9}.Debug|Any CPU.Build.0 = Debug|Any CPU
		{6402D35C-E86A-434F-92A8-2FF4DEAD0FF9}.Release|Any CPU.ActiveCfg = Release|Any CPU
		{6402D35C-E86A-434F-92A8-2FF4DEAD0FF9}.Release|Any CPU.Build.0 = Release|Any CPU
		{2BE9C08B-800C-4DA7-9B1B-8AF11DADE29C}.Debug|Any CPU.ActiveCfg = Debug|Any CPU
		{2BE9C08B-800C-4DA7-9B1B-8AF11DADE29C}.Debug|Any CPU.Build.0 = Debug|Any CPU
		{2BE9C08B-800C-4DA7-9B1B-8AF11DADE29C}.Release|Any CPU.ActiveCfg = Release|Any CPU
		{2BE9C08B-800C-4DA7-9B1B-8AF11DADE29C}.Release|Any CPU.Build.0 = Release|Any CPU
	EndGlobalSection
	GlobalSection(SolutionProperties) = preSolution
		HideSolutionNode = FALSE
	EndGlobalSection
	GlobalSection(ExtensibilityGlobals) = postSolution
		SolutionGuid = {F7271543-D76C-4D51-AFD7-B2BDAA05C099}
	EndGlobalSection
EndGlobal
